// !$*UTF8*$!
{
	archiveVersion = 1;
	classes = {
	};
	objectVersion = 50;
	objects = {

/* Begin PBXBuildFile section */
		7F61E13F25E1F11900CA452C /* LandmarksApp.swift in Sources */ = {isa = PBXBuildFile; fileRef = 7F61E13E25E1F11900CA452C /* LandmarksApp.swift */; };
		7F61E14125E1F11900CA452C /* ContentView.swift in Sources */ = {isa = PBXBuildFile; fileRef = 7F61E14025E1F11900CA452C /* ContentView.swift */; };
		7F61E14325E1F11A00CA452C /* Assets.xcassets in Resources */ = {isa = PBXBuildFile; fileRef = 7F61E14225E1F11A00CA452C /* Assets.xcassets */; };
		7F61E14625E1F11A00CA452C /* Preview Assets.xcassets in Resources */ = {isa = PBXBuildFile; fileRef = 7F61E14525E1F11A00CA452C /* Preview Assets.xcassets */; };
		7F61E15125E1F11B00CA452C /* LandmarksTests.swift in Sources */ = {isa = PBXBuildFile; fileRef = 7F61E15025E1F11B00CA452C /* LandmarksTests.swift */; };
		7F61E15C25E1F11B00CA452C /* LandmarksUITests.swift in Sources */ = {isa = PBXBuildFile; fileRef = 7F61E15B25E1F11B00CA452C /* LandmarksUITests.swift */; };
		7F73E0CA25E4F5AA00924451 /* CircleImage.swift in Sources */ = {isa = PBXBuildFile; fileRef = 7F73E0C925E4F5AA00924451 /* CircleImage.swift */; };
		7F73E10925E4F92C00924451 /* MapView.swift in Sources */ = {isa = PBXBuildFile; fileRef = 7F73E10825E4F92C00924451 /* MapView.swift */; };
		7F8B36E225E64FC80026F2AD /* LandmarkRow.swift in Sources */ = {isa = PBXBuildFile; fileRef = 7F8B36E125E64FC80026F2AD /* LandmarkRow.swift */; };
		7F8B36E725E651E30026F2AD /* LandmarkList.swift in Sources */ = {isa = PBXBuildFile; fileRef = 7F8B36E625E651E30026F2AD /* LandmarkList.swift */; };
		7FA925DF25E626EE00A863CB /* landmarkData.json in Resources */ = {isa = PBXBuildFile; fileRef = 7FA925DE25E626EE00A863CB /* landmarkData.json */; };
		7FA925E425E6271100A863CB /* Landmark.swift in Sources */ = {isa = PBXBuildFile; fileRef = 7FA925E325E6271100A863CB /* Landmark.swift */; };
		7FA925E925E6291F00A863CB /* ModelData.swift in Sources */ = {isa = PBXBuildFile; fileRef = 7FA925E825E6291F00A863CB /* ModelData.swift */; };
/* End PBXBuildFile section */

/* Begin PBXContainerItemProxy section */
		7F61E14D25E1F11B00CA452C /* PBXContainerItemProxy */ = {
			isa = PBXContainerItemProxy;
			containerPortal = 7F61E13325E1F11900CA452C /* Project object */;
			proxyType = 1;
			remoteGlobalIDString = 7F61E13A25E1F11900CA452C;
			remoteInfo = Landmarks;
		};
		7F61E15825E1F11B00CA452C /* PBXContainerItemProxy */ = {
			isa = PBXContainerItemProxy;
			containerPortal = 7F61E13325E1F11900CA452C /* Project object */;
			proxyType = 1;
			remoteGlobalIDString = 7F61E13A25E1F11900CA452C;
			remoteInfo = Landmarks;
		};
/* End PBXContainerItemProxy section */

/* Begin PBXFileReference section */
		7F61E13B25E1F11900CA452C /* Landmarks.app */ = {isa = PBXFileReference; explicitFileType = wrapper.application; includeInIndex = 0; path = Landmarks.app; sourceTree = BUILT_PRODUCTS_DIR; };
		7F61E13E25E1F11900CA452C /* LandmarksApp.swift */ = {isa = PBXFileReference; lastKnownFileType = sourcecode.swift; path = LandmarksApp.swift; sourceTree = "<group>"; };
		7F61E14025E1F11900CA452C /* ContentView.swift */ = {isa = PBXFileReference; lastKnownFileType = sourcecode.swift; path = ContentView.swift; sourceTree = "<group>"; };
		7F61E14225E1F11A00CA452C /* Assets.xcassets */ = {isa = PBXFileReference; lastKnownFileType = folder.assetcatalog; path = Assets.xcassets; sourceTree = "<group>"; };
		7F61E14525E1F11A00CA452C /* Preview Assets.xcassets */ = {isa = PBXFileReference; lastKnownFileType = folder.assetcatalog; path = "Preview Assets.xcassets"; sourceTree = "<group>"; };
		7F61E14725E1F11A00CA452C /* Info.plist */ = {isa = PBXFileReference; lastKnownFileType = text.plist.xml; path = Info.plist; sourceTree = "<group>"; };
		7F61E14C25E1F11B00CA452C /* LandmarksTests.xctest */ = {isa = PBXFileReference; explicitFileType = wrapper.cfbundle; includeInIndex = 0; path = LandmarksTests.xctest; sourceTree = BUILT_PRODUCTS_DIR; };
		7F61E15025E1F11B00CA452C /* LandmarksTests.swift */ = {isa = PBXFileReference; lastKnownFileType = sourcecode.swift; path = LandmarksTests.swift; sourceTree = "<group>"; };
		7F61E15225E1F11B00CA452C /* Info.plist */ = {isa = PBXFileReference; lastKnownFileType = text.plist.xml; path = Info.plist; sourceTree = "<group>"; };
		7F61E15725E1F11B00CA452C /* LandmarksUITests.xctest */ = {isa = PBXFileReference; explicitFileType = wrapper.cfbundle; includeInIndex = 0; path = LandmarksUITests.xctest; sourceTree = BUILT_PRODUCTS_DIR; };
		7F61E15B25E1F11B00CA452C /* LandmarksUITests.swift */ = {isa = PBXFileReference; lastKnownFileType = sourcecode.swift; path = LandmarksUITests.swift; sourceTree = "<group>"; };
		7F61E15D25E1F11B00CA452C /* Info.plist */ = {isa = PBXFileReference; lastKnownFileType = text.plist.xml; path = Info.plist; sourceTree = "<group>"; };
		7F73E0C925E4F5AA00924451 /* CircleImage.swift */ = {isa = PBXFileReference; lastKnownFileType = sourcecode.swift; path = CircleImage.swift; sourceTree = "<group>"; };
		7F73E10825E4F92C00924451 /* MapView.swift */ = {isa = PBXFileReference; lastKnownFileType = sourcecode.swift; path = MapView.swift; sourceTree = "<group>"; };
		7F8B36E125E64FC80026F2AD /* LandmarkRow.swift */ = {isa = PBXFileReference; lastKnownFileType = sourcecode.swift; path = LandmarkRow.swift; sourceTree = "<group>"; };
		7F8B36E625E651E30026F2AD /* LandmarkList.swift */ = {isa = PBXFileReference; lastKnownFileType = sourcecode.swift; path = LandmarkList.swift; sourceTree = "<group>"; };
		7FA925DE25E626EE00A863CB /* landmarkData.json */ = {isa = PBXFileReference; fileEncoding = 4; lastKnownFileType = text.json; path = landmarkData.json; sourceTree = "<group>"; };
		7FA925E325E6271100A863CB /* Landmark.swift */ = {isa = PBXFileReference; lastKnownFileType = sourcecode.swift; path = Landmark.swift; sourceTree = "<group>"; };
		7FA925E825E6291F00A863CB /* ModelData.swift */ = {isa = PBXFileReference; lastKnownFileType = sourcecode.swift; path = ModelData.swift; sourceTree = "<group>"; };
/* End PBXFileReference section */

/* Begin PBXFrameworksBuildPhase section */
		7F61E13825E1F11900CA452C /* Frameworks */ = {
			isa = PBXFrameworksBuildPhase;
			buildActionMask = 2147483647;
			files = (
			);
			runOnlyForDeploymentPostprocessing = 0;
		};
		7F61E14925E1F11B00CA452C /* Frameworks */ = {
			isa = PBXFrameworksBuildPhase;
			buildActionMask = 2147483647;
			files = (
			);
			runOnlyForDeploymentPostprocessing = 0;
		};
		7F61E15425E1F11B00CA452C /* Frameworks */ = {
			isa = PBXFrameworksBuildPhase;
			buildActionMask = 2147483647;
			files = (
			);
			runOnlyForDeploymentPostprocessing = 0;
		};
/* End PBXFrameworksBuildPhase section */

/* Begin PBXGroup section */
		7F61E13225E1F11900CA452C = {
			isa = PBXGroup;
			children = (
				7F61E13D25E1F11900CA452C /* Landmarks */,
				7F61E14F25E1F11B00CA452C /* LandmarksTests */,
				7F61E15A25E1F11B00CA452C /* LandmarksUITests */,
				7F61E13C25E1F11900CA452C /* Products */,
			);
			sourceTree = "<group>";
		};
		7F61E13C25E1F11900CA452C /* Products */ = {
			isa = PBXGroup;
			children = (
				7F61E13B25E1F11900CA452C /* Landmarks.app */,
				7F61E14C25E1F11B00CA452C /* LandmarksTests.xctest */,
				7F61E15725E1F11B00CA452C /* LandmarksUITests.xctest */,
			);
			name = Products;
			sourceTree = "<group>";
		};
		7F61E13D25E1F11900CA452C /* Landmarks */ = {
			isa = PBXGroup;
			children = (
				7F61E13E25E1F11900CA452C /* LandmarksApp.swift */,
				7FA925EF25E629FD00A863CB /* Model */,
				7FA925EE25E629D600A863CB /* Views */,
				7FA925F325E62A1D00A863CB /* Resources */,
				7F61E14225E1F11A00CA452C /* Assets.xcassets */,
				7F61E14725E1F11A00CA452C /* Info.plist */,
				7F61E14425E1F11A00CA452C /* Preview Content */,
			);
			path = Landmarks;
			sourceTree = "<group>";
		};
		7F61E14425E1F11A00CA452C /* Preview Content */ = {
			isa = PBXGroup;
			children = (
				7F61E14525E1F11A00CA452C /* Preview Assets.xcassets */,
			);
			path = "Preview Content";
			sourceTree = "<group>";
		};
		7F61E14F25E1F11B00CA452C /* LandmarksTests */ = {
			isa = PBXGroup;
			children = (
				7F61E15025E1F11B00CA452C /* LandmarksTests.swift */,
				7F61E15225E1F11B00CA452C /* Info.plist */,
			);
			path = LandmarksTests;
			sourceTree = "<group>";
		};
		7F61E15A25E1F11B00CA452C /* LandmarksUITests */ = {
			isa = PBXGroup;
			children = (
				7F61E15B25E1F11B00CA452C /* LandmarksUITests.swift */,
				7F61E15D25E1F11B00CA452C /* Info.plist */,
			);
			path = LandmarksUITests;
			sourceTree = "<group>";
		};
		7FA925EE25E629D600A863CB /* Views */ = {
			isa = PBXGroup;
			children = (
				7F61E14025E1F11900CA452C /* ContentView.swift */,
				7F73E10825E4F92C00924451 /* MapView.swift */,
				7F73E0C925E4F5AA00924451 /* CircleImage.swift */,
				7F8B36E125E64FC80026F2AD /* LandmarkRow.swift */,
				7F8B36E625E651E30026F2AD /* LandmarkList.swift */,
			);
			path = Views;
			sourceTree = "<group>";
		};
		7FA925EF25E629FD00A863CB /* Model */ = {
			isa = PBXGroup;
			children = (
				7FA925E325E6271100A863CB /* Landmark.swift */,
				7FA925E825E6291F00A863CB /* ModelData.swift */,
			);
			path = Model;
			sourceTree = "<group>";
		};
		7FA925F325E62A1D00A863CB /* Resources */ = {
			isa = PBXGroup;
			children = (
				7FA925DE25E626EE00A863CB /* landmarkData.json */,
			);
			path = Resources;
			sourceTree = "<group>";
		};
/* End PBXGroup section */

/* Begin PBXNativeTarget section */
		7F61E13A25E1F11900CA452C /* Landmarks */ = {
			isa = PBXNativeTarget;
			buildConfigurationList = 7F61E16025E1F11B00CA452C /* Build configuration list for PBXNativeTarget "Landmarks" */;
			buildPhases = (
				7F61E13725E1F11900CA452C /* Sources */,
				7F61E13825E1F11900CA452C /* Frameworks */,
				7F61E13925E1F11900CA452C /* Resources */,
			);
			buildRules = (
			);
			dependencies = (
			);
			name = Landmarks;
			productName = Landmarks;
			productReference = 7F61E13B25E1F11900CA452C /* Landmarks.app */;
			productType = "com.apple.product-type.application";
		};
		7F61E14B25E1F11B00CA452C /* LandmarksTests */ = {
			isa = PBXNativeTarget;
			buildConfigurationList = 7F61E16325E1F11B00CA452C /* Build configuration list for PBXNativeTarget "LandmarksTests" */;
			buildPhases = (
				7F61E14825E1F11B00CA452C /* Sources */,
				7F61E14925E1F11B00CA452C /* Frameworks */,
				7F61E14A25E1F11B00CA452C /* Resources */,
			);
			buildRules = (
			);
			dependencies = (
				7F61E14E25E1F11B00CA452C /* PBXTargetDependency */,
			);
			name = LandmarksTests;
			productName = LandmarksTests;
			productReference = 7F61E14C25E1F11B00CA452C /* LandmarksTests.xctest */;
			productType = "com.apple.product-type.bundle.unit-test";
		};
		7F61E15625E1F11B00CA452C /* LandmarksUITests */ = {
			isa = PBXNativeTarget;
			buildConfigurationList = 7F61E16625E1F11B00CA452C /* Build configuration list for PBXNativeTarget "LandmarksUITests" */;
			buildPhases = (
				7F61E15325E1F11B00CA452C /* Sources */,
				7F61E15425E1F11B00CA452C /* Frameworks */,
				7F61E15525E1F11B00CA452C /* Resources */,
			);
			buildRules = (
			);
			dependencies = (
				7F61E15925E1F11B00CA452C /* PBXTargetDependency */,
			);
			name = LandmarksUITests;
			productName = LandmarksUITests;
			productReference = 7F61E15725E1F11B00CA452C /* LandmarksUITests.xctest */;
			productType = "com.apple.product-type.bundle.ui-testing";
		};
/* End PBXNativeTarget section */

/* Begin PBXProject section */
		7F61E13325E1F11900CA452C /* Project object */ = {
			isa = PBXProject;
			attributes = {
				LastSwiftUpdateCheck = 1240;
				LastUpgradeCheck = 1240;
				TargetAttributes = {
					7F61E13A25E1F11900CA452C = {
						CreatedOnToolsVersion = 12.4;
					};
					7F61E14B25E1F11B00CA452C = {
						CreatedOnToolsVersion = 12.4;
						TestTargetID = 7F61E13A25E1F11900CA452C;
					};
					7F61E15625E1F11B00CA452C = {
						CreatedOnToolsVersion = 12.4;
						TestTargetID = 7F61E13A25E1F11900CA452C;
					};
				};
			};
			buildConfigurationList = 7F61E13625E1F11900CA452C /* Build configuration list for PBXProject "Landmarks" */;
			compatibilityVersion = "Xcode 9.3";
			developmentRegion = en;
			hasScannedForEncodings = 0;
			knownRegions = (
				en,
				Base,
			);
			mainGroup = 7F61E13225E1F11900CA452C;
			productRefGroup = 7F61E13C25E1F11900CA452C /* Products */;
			projectDirPath = "";
			projectRoot = "";
			targets = (
				7F61E13A25E1F11900CA452C /* Landmarks */,
				7F61E14B25E1F11B00CA452C /* LandmarksTests */,
				7F61E15625E1F11B00CA452C /* LandmarksUITests */,
			);
		};
/* End PBXProject section */

/* Begin PBXResourcesBuildPhase section */
		7F61E13925E1F11900CA452C /* Resources */ = {
			isa = PBXResourcesBuildPhase;
			buildActionMask = 2147483647;
			files = (
				7F61E14625E1F11A00CA452C /* Preview Assets.xcassets in Resources */,
				7F61E14325E1F11A00CA452C /* Assets.xcassets in Resources */,
				7FA925DF25E626EE00A863CB /* landmarkData.json in Resources */,
			);
			runOnlyForDeploymentPostprocessing = 0;
		};
		7F61E14A25E1F11B00CA452C /* Resources */ = {
			isa = PBXResourcesBuildPhase;
			buildActionMask = 2147483647;
			files = (
			);
			runOnlyForDeploymentPostprocessing = 0;
		};
		7F61E15525E1F11B00CA452C /* Resources */ = {
			isa = PBXResourcesBuildPhase;
			buildActionMask = 2147483647;
			files = (
			);
			runOnlyForDeploymentPostprocessing = 0;
		};
/* End PBXResourcesBuildPhase section */

/* Begin PBXSourcesBuildPhase section */
		7F61E13725E1F11900CA452C /* Sources */ = {
			isa = PBXSourcesBuildPhase;
			buildActionMask = 2147483647;
			files = (
				7F61E14125E1F11900CA452C /* ContentView.swift in Sources */,
				7F73E10925E4F92C00924451 /* MapView.swift in Sources */,
				7F61E13F25E1F11900CA452C /* LandmarksApp.swift in Sources */,
				7F8B36E725E651E30026F2AD /* LandmarkList.swift in Sources */,
				7F73E0CA25E4F5AA00924451 /* CircleImage.swift in Sources */,
				7FA925E425E6271100A863CB /* Landmark.swift in Sources */,
				7F8B36E225E64FC80026F2AD /* LandmarkRow.swift in Sources */,
				7FA925E925E6291F00A863CB /* ModelData.swift in Sources */,
			);
			runOnlyForDeploymentPostprocessing = 0;
		};
		7F61E14825E1F11B00CA452C /* Sources */ = {
			isa = PBXSourcesBuildPhase;
			buildActionMask = 2147483647;
			files = (
				7F61E15125E1F11B00CA452C /* LandmarksTests.swift in Sources */,
			);
			runOnlyForDeploymentPostprocessing = 0;
		};
		7F61E15325E1F11B00CA452C /* Sources */ = {
			isa = PBXSourcesBuildPhase;
			buildActionMask = 2147483647;
			files = (
				7F61E15C25E1F11B00CA452C /* LandmarksUITests.swift in Sources */,
			);
			runOnlyForDeploymentPostprocessing = 0;
		};
/* End PBXSourcesBuildPhase section */

/* Begin PBXTargetDependency section */
		7F61E14E25E1F11B00CA452C /* PBXTargetDependency */ = {
			isa = PBXTargetDependency;
			target = 7F61E13A25E1F11900CA452C /* Landmarks */;
			targetProxy = 7F61E14D25E1F11B00CA452C /* PBXContainerItemProxy */;
		};
		7F61E15925E1F11B00CA452C /* PBXTargetDependency */ = {
			isa = PBXTargetDependency;
			target = 7F61E13A25E1F11900CA452C /* Landmarks */;
			targetProxy = 7F61E15825E1F11B00CA452C /* PBXContainerItemProxy */;
		};
/* End PBXTargetDependency section */

/* Begin XCBuildConfiguration section */
		7F61E15E25E1F11B00CA452C /* Debug */ = {
			isa = XCBuildConfiguration;
			buildSettings = {
				ALWAYS_SEARCH_USER_PATHS = NO;
				CLANG_ANALYZER_NONNULL = YES;
				CLANG_ANALYZER_NUMBER_OBJECT_CONVERSION = YES_AGGRESSIVE;
				CLANG_CXX_LANGUAGE_STANDARD = "gnu++14";
				CLANG_CXX_LIBRARY = "libc++";
				CLANG_ENABLE_MODULES = YES;
				CLANG_ENABLE_OBJC_ARC = YES;
				CLANG_ENABLE_OBJC_WEAK = YES;
				CLANG_WARN_BLOCK_CAPTURE_AUTORELEASING = YES;
				CLANG_WARN_BOOL_CONVERSION = YES;
				CLANG_WARN_COMMA = YES;
				CLANG_WARN_CONSTANT_CONVERSION = YES;
				CLANG_WARN_DEPRECATED_OBJC_IMPLEMENTATIONS = YES;
				CLANG_WARN_DIRECT_OBJC_ISA_USAGE = YES_ERROR;
				CLANG_WARN_DOCUMENTATION_COMMENTS = YES;
				CLANG_WARN_EMPTY_BODY = YES;
				CLANG_WARN_ENUM_CONVERSION = YES;
				CLANG_WARN_INFINITE_RECURSION = YES;
				CLANG_WARN_INT_CONVERSION = YES;
				CLANG_WARN_NON_LITERAL_NULL_CONVERSION = YES;
				CLANG_WARN_OBJC_IMPLICIT_RETAIN_SELF = YES;
				CLANG_WARN_OBJC_LITERAL_CONVERSION = YES;
				CLANG_WARN_OBJC_ROOT_CLASS = YES_ERROR;
				CLANG_WARN_QUOTED_INCLUDE_IN_FRAMEWORK_HEADER = YES;
				CLANG_WARN_RANGE_LOOP_ANALYSIS = YES;
				CLANG_WARN_STRICT_PROTOTYPES = YES;
				CLANG_WARN_SUSPICIOUS_MOVE = YES;
				CLANG_WARN_UNGUARDED_AVAILABILITY = YES_AGGRESSIVE;
				CLANG_WARN_UNREACHABLE_CODE = YES;
				CLANG_WARN__DUPLICATE_METHOD_MATCH = YES;
				COPY_PHASE_STRIP = NO;
				DEBUG_INFORMATION_FORMAT = dwarf;
				ENABLE_STRICT_OBJC_MSGSEND = YES;
				ENABLE_TESTABILITY = YES;
				GCC_C_LANGUAGE_STANDARD = gnu11;
				GCC_DYNAMIC_NO_PIC = NO;
				GCC_NO_COMMON_BLOCKS = YES;
				GCC_OPTIMIZATION_LEVEL = 0;
				GCC_PREPROCESSOR_DEFINITIONS = (
					"DEBUG=1",
					"$(inherited)",
				);
				GCC_WARN_64_TO_32_BIT_CONVERSION = YES;
				GCC_WARN_ABOUT_RETURN_TYPE = YES_ERROR;
				GCC_WARN_UNDECLARED_SELECTOR = YES;
				GCC_WARN_UNINITIALIZED_AUTOS = YES_AGGRESSIVE;
				GCC_WARN_UNUSED_FUNCTION = YES;
				GCC_WARN_UNUSED_VARIABLE = YES;
				IPHONEOS_DEPLOYMENT_TARGET = 14.4;
				MTL_ENABLE_DEBUG_INFO = INCLUDE_SOURCE;
				MTL_FAST_MATH = YES;
				ONLY_ACTIVE_ARCH = YES;
				SDKROOT = iphoneos;
				SWIFT_ACTIVE_COMPILATION_CONDITIONS = DEBUG;
				SWIFT_OPTIMIZATION_LEVEL = "-Onone";
			};
			name = Debug;
		};
		7F61E15F25E1F11B00CA452C /* Release */ = {
			isa = XCBuildConfiguration;
			buildSettings = {
				ALWAYS_SEARCH_USER_PATHS = NO;
				CLANG_ANALYZER_NONNULL = YES;
				CLANG_ANALYZER_NUMBER_OBJECT_CONVERSION = YES_AGGRESSIVE;
				CLANG_CXX_LANGUAGE_STANDARD = "gnu++14";
				CLANG_CXX_LIBRARY = "libc++";
				CLANG_ENABLE_MODULES = YES;
				CLANG_ENABLE_OBJC_ARC = YES;
				CLANG_ENABLE_OBJC_WEAK = YES;
				CLANG_WARN_BLOCK_CAPTURE_AUTORELEASING = YES;
				CLANG_WARN_BOOL_CONVERSION = YES;
				CLANG_WARN_COMMA = YES;
				CLANG_WARN_CONSTANT_CONVERSION = YES;
				CLANG_WARN_DEPRECATED_OBJC_IMPLEMENTATIONS = YES;
				CLANG_WARN_DIRECT_OBJC_ISA_USAGE = YES_ERROR;
				CLANG_WARN_DOCUMENTATION_COMMENTS = YES;
				CLANG_WARN_EMPTY_BODY = YES;
				CLANG_WARN_ENUM_CONVERSION = YES;
				CLANG_WARN_INFINITE_RECURSION = YES;
				CLANG_WARN_INT_CONVERSION = YES;
				CLANG_WARN_NON_LITERAL_NULL_CONVERSION = YES;
				CLANG_WARN_OBJC_IMPLICIT_RETAIN_SELF = YES;
				CLANG_WARN_OBJC_LITERAL_CONVERSION = YES;
				CLANG_WARN_OBJC_ROOT_CLASS = YES_ERROR;
				CLANG_WARN_QUOTED_INCLUDE_IN_FRAMEWORK_HEADER = YES;
				CLANG_WARN_RANGE_LOOP_ANALYSIS = YES;
				CLANG_WARN_STRICT_PROTOTYPES = YES;
				CLANG_WARN_SUSPICIOUS_MOVE = YES;
				CLANG_WARN_UNGUARDED_AVAILABILITY = YES_AGGRESSIVE;
				CLANG_WARN_UNREACHABLE_CODE = YES;
				CLANG_WARN__DUPLICATE_METHOD_MATCH = YES;
				COPY_PHASE_STRIP = NO;
				DEBUG_INFORMATION_FORMAT = "dwarf-with-dsym";
				ENABLE_NS_ASSERTIONS = NO;
				ENABLE_STRICT_OBJC_MSGSEND = YES;
				GCC_C_LANGUAGE_STANDARD = gnu11;
				GCC_NO_COMMON_BLOCKS = YES;
				GCC_WARN_64_TO_32_BIT_CONVERSION = YES;
				GCC_WARN_ABOUT_RETURN_TYPE = YES_ERROR;
				GCC_WARN_UNDECLARED_SELECTOR = YES;
				GCC_WARN_UNINITIALIZED_AUTOS = YES_AGGRESSIVE;
				GCC_WARN_UNUSED_FUNCTION = YES;
				GCC_WARN_UNUSED_VARIABLE = YES;
				IPHONEOS_DEPLOYMENT_TARGET = 14.4;
				MTL_ENABLE_DEBUG_INFO = NO;
				MTL_FAST_MATH = YES;
				SDKROOT = iphoneos;
				SWIFT_COMPILATION_MODE = wholemodule;
				SWIFT_OPTIMIZATION_LEVEL = "-O";
				VALIDATE_PRODUCT = YES;
			};
			name = Release;
		};
		7F61E16125E1F11B00CA452C /* Debug */ = {
			isa = XCBuildConfiguration;
			buildSettings = {
				ASSETCATALOG_COMPILER_APPICON_NAME = AppIcon;
				ASSETCATALOG_COMPILER_GLOBAL_ACCENT_COLOR_NAME = AccentColor;
				CODE_SIGN_STYLE = Automatic;
				DEVELOPMENT_ASSET_PATHS = "\"Landmarks/Preview Content\"";
				DEVELOPMENT_TEAM = V8KHNZZGKW;
				ENABLE_PREVIEWS = YES;
				INFOPLIST_FILE = Landmarks/Info.plist;
				IPHONEOS_DEPLOYMENT_TARGET = 14.0;
				LD_RUNPATH_SEARCH_PATHS = (
					"$(inherited)",
					"@executable_path/Frameworks",
				);
				PRODUCT_BUNDLE_IDENTIFIER = com.example.remypham.Landmarks;
				PRODUCT_NAME = "$(TARGET_NAME)";
				SWIFT_VERSION = 5.0;
				TARGETED_DEVICE_FAMILY = "1,2";
			};
			name = Debug;
		};
		7F61E16225E1F11B00CA452C /* Release */ = {
			isa = XCBuildConfiguration;
			buildSettings = {
				ASSETCATALOG_COMPILER_APPICON_NAME = AppIcon;
				ASSETCATALOG_COMPILER_GLOBAL_ACCENT_COLOR_NAME = AccentColor;
				CODE_SIGN_STYLE = Automatic;
				DEVELOPMENT_ASSET_PATHS = "\"Landmarks/Preview Content\"";
				DEVELOPMENT_TEAM = V8KHNZZGKW;
				ENABLE_PREVIEWS = YES;
				INFOPLIST_FILE = Landmarks/Info.plist;
				IPHONEOS_DEPLOYMENT_TARGET = 14.0;
				LD_RUNPATH_SEARCH_PATHS = (
					"$(inherited)",
					"@executable_path/Frameworks",
				);
				PRODUCT_BUNDLE_IDENTIFIER = com.example.remypham.Landmarks;
				PRODUCT_NAME = "$(TARGET_NAME)";
				SWIFT_VERSION = 5.0;
				TARGETED_DEVICE_FAMILY = "1,2";
			};
			name = Release;
		};
		7F61E16425E1F11B00CA452C /* Debug */ = {
			isa = XCBuildConfiguration;
			buildSettings = {
				ALWAYS_EMBED_SWIFT_STANDARD_LIBRARIES = YES;
				BUNDLE_LOADER = "$(TEST_HOST)";
				CODE_SIGN_STYLE = Automatic;
				DEVELOPMENT_TEAM = V8KHNZZGKW;
				INFOPLIST_FILE = LandmarksTests/Info.plist;
				IPHONEOS_DEPLOYMENT_TARGET = 14.0;
				LD_RUNPATH_SEARCH_PATHS = (
					"$(inherited)",
					"@executable_path/Frameworks",
					"@loader_path/Frameworks",
				);
				PRODUCT_BUNDLE_IDENTIFIER = com.example.remypham.LandmarksTests;
				PRODUCT_NAME = "$(TARGET_NAME)";
				SWIFT_VERSION = 5.0;
				TARGETED_DEVICE_FAMILY = "1,2";
				TEST_HOST = "$(BUILT_PRODUCTS_DIR)/Landmarks.app/Landmarks";
			};
			name = Debug;
		};
		7F61E16525E1F11B00CA452C /* Release */ = {
			isa = XCBuildConfiguration;
			buildSettings = {
				ALWAYS_EMBED_SWIFT_STANDARD_LIBRARIES = YES;
				BUNDLE_LOADER = "$(TEST_HOST)";
				CODE_SIGN_STYLE = Automatic;
				DEVELOPMENT_TEAM = V8KHNZZGKW;
				INFOPLIST_FILE = LandmarksTests/Info.plist;
				IPHONEOS_DEPLOYMENT_TARGET = 14.0;
				LD_RUNPATH_SEARCH_PATHS = (
					"$(inherited)",
					"@executable_path/Frameworks",
					"@loader_path/Frameworks",
				);
				PRODUCT_BUNDLE_IDENTIFIER = com.example.remypham.LandmarksTests;
				PRODUCT_NAME = "$(TARGET_NAME)";
				SWIFT_VERSION = 5.0;
				TARGETED_DEVICE_FAMILY = "1,2";
				TEST_HOST = "$(BUILT_PRODUCTS_DIR)/Landmarks.app/Landmarks";
			};
			name = Release;
		};
		7F61E16725E1F11B00CA452C /* Debug */ = {
			isa = XCBuildConfiguration;
			buildSettings = {
				ALWAYS_EMBED_SWIFT_STANDARD_LIBRARIES = YES;
				CODE_SIGN_STYLE = Automatic;
				DEVELOPMENT_TEAM = V8KHNZZGKW;
				INFOPLIST_FILE = LandmarksUITests/Info.plist;
				LD_RUNPATH_SEARCH_PATHS = (
					"$(inherited)",
					"@executable_path/Frameworks",
					"@loader_path/Frameworks",
				);
				PRODUCT_BUNDLE_IDENTIFIER = com.example.remypham.LandmarksUITests;
				PRODUCT_NAME = "$(TARGET_NAME)";
				SWIFT_VERSION = 5.0;
				TARGETED_DEVICE_FAMILY = "1,2";
				TEST_TARGET_NAME = Landmarks;
			};
			name = Debug;
		};
		7F61E16825E1F11B00CA452C /* Release */ = {
			isa = XCBuildConfiguration;
			buildSettings = {
				ALWAYS_EMBED_SWIFT_STANDARD_LIBRARIES = YES;
				CODE_SIGN_STYLE = Automatic;
				DEVELOPMENT_TEAM = V8KHNZZGKW;
				INFOPLIST_FILE = LandmarksUITests/Info.plist;
				LD_RUNPATH_SEARCH_PATHS = (
					"$(inherited)",
					"@executable_path/Frameworks",
					"@loader_path/Frameworks",
				);
				PRODUCT_BUNDLE_IDENTIFIER = com.example.remypham.LandmarksUITests;
				PRODUCT_NAME = "$(TARGET_NAME)";
				SWIFT_VERSION = 5.0;
				TARGETED_DEVICE_FAMILY = "1,2";
				TEST_TARGET_NAME = Landmarks;
			};
			name = Release;
		};
/* End XCBuildConfiguration section */

/* Begin XCConfigurationList section */
		7F61E13625E1F11900CA452C /* Build configuration list for PBXProject "Landmarks" */ = {
			isa = XCConfigurationList;
			buildConfigurations = (
				7F61E15E25E1F11B00CA452C /* Debug */,
				7F61E15F25E1F11B00CA452C /* Release */,
			);
			defaultConfigurationIsVisible = 0;
			defaultConfigurationName = Release;
		};
		7F61E16025E1F11B00CA452C /* Build configuration list for PBXNativeTarget "Landmarks" */ = {
			isa = XCConfigurationList;
			buildConfigurations = (
				7F61E16125E1F11B00CA452C /* Debug */,
				7F61E16225E1F11B00CA452C /* Release */,
			);
			defaultConfigurationIsVisible = 0;
			defaultConfigurationName = Release;
		};
		7F61E16325E1F11B00CA452C /* Build configuration list for PBXNativeTarget "LandmarksTests" */ = {
			isa = XCConfigurationList;
			buildConfigurations = (
				7F61E16425E1F11B00CA452C /* Debug */,
				7F61E16525E1F11B00CA452C /* Release */,
			);
			defaultConfigurationIsVisible = 0;
			defaultConfigurationName = Release;
		};
		7F61E16625E1F11B00CA452C /* Build configuration list for PBXNativeTarget "LandmarksUITests" */ = {
			isa = XCConfigurationList;
			buildConfigurations = (
				7F61E16725E1F11B00CA452C /* Debug */,
				7F61E16825E1F11B00CA452C /* Release */,
			);
			defaultConfigurationIsVisible = 0;
			defaultConfigurationName = Release;
		};
/* End XCConfigurationList section */
	};
	rootObject = 7F61E13325E1F11900CA452C /* Project object */;
}
